{
  "name": "nodetest",
  "version": "1.0.0",
  "lockfileVersion": 3,
  "requires": true,
  "packages": {
    "": {
      "name": "nodetest",
      "version": "1.0.0",
      "license": "ISC",
      "dependencies": {
        "ntp-client": "^0.5.3",
        "ws": "^8.18.1"
      }
    },
    "node_modules/ntp-client": {
      "version": "0.5.3",
      "resolved": "https://registry.npmjs.org/ntp-client/-/ntp-client-0.5.3.tgz",
      "integrity": "sha512-/Ja8ljm8V0yb+zZnjEaJlFY3abA9gIpQcnkX8RJ59NzHVcnJJpGoKtU3UcrnAwRfduYAktI+2gJLpn1NepxgnA==",
      "bin": {
        "node-ntp-client": "bin/node-ntp-client"
      },
      "engines": {
        "node": ">= 0.10.0"
      }
    },
    "node_modules/ws": {
      "version": "8.18.1",
      "resolved": "https://registry.npmjs.org/ws/-/ws-8.18.1.tgz",
      "integrity": "sha512-RKW2aJZMXeMxVpnZ6bck+RswznaxmzdULiBr6KY7XkTnW8uvt0iT9H5DkHUChXrc+uurzwa0rVI16n/Xzjdz1w==",
      "license": "MIT",
      "engines": {
        "node": ">=10.0.0"
      },
      "peerDependencies": {
        "bufferutil": "^4.0.1",
        "utf-8-validate": ">=5.0.2"
      },
      "peerDependenciesMeta": {
        "bufferutil": {
          "optional": true
        },
        "utf-8-validate": {
          "optional": true
        }
      }
    }
  }
}
